
Microsoft Visual Studio Solution File, Format Version 12.00
# Visual Studio Version 17
VisualStudioVersion = 17.11.35312.102
MinimumVisualStudioVersion = 10.0.40219.1
Project("{9A19103F-16F7-4668-BE54-9A1E7A4F7556}") = "Practice.Web", "src\Practice.Web\Practice.Web.csproj", "{09654D62-8A52-46BE-91D9-344DBA6D2369}"
EndProject
Project("{2150E333-8FDC-42A3-9474-1A3956D46DE8}") = "src", "src", "{644E912A-A3A1-4166-AF93-8309E59F228C}"
EndProject
Project("{9A19103F-16F7-4668-BE54-9A1E7A4F7556}") = "Practice.Common", "src\Practice.Common\Practice.Common.csproj", "{B2A0CE09-5063-4C5C-9C69-88C89867A56A}"
EndProject
Project("{E53339B2-1760-4266-BCC7-CA923CBCF16C}") = "docker-compose", "docker-compose.dcproj", "{83FED346-FC09-424A-9AE1-18C5A4B53ABF}"
EndProject
Project("{FAE04EC0-301F-11D3-BF4B-00C04F79EFBC}") = "Practice.Application", "src\Practice.Application\Practice.Application.csproj", "{E8BD61A7-3FDB-449A-8DAA-41462B0D441A}"
EndProject
Project("{FAE04EC0-301F-11D3-BF4B-00C04F79EFBC}") = "Practice.Domain", "src\Practice.Domain\Practice.Domain.csproj", "{80DC0044-A9E6-4168-B022-E4A10B76B31D}"
EndProject
Project("{9A19103F-16F7-4668-BE54-9A1E7A4F7556}") = "Practice.Repository", "src\Practice.Repository\Practice.Repository.csproj", "{3A864083-FB9B-49E6-BF4B-7B1A03308148}"
EndProject
Global
	GlobalSection(SolutionConfigurationPlatforms) = preSolution
		Debug|Any CPU = Debug|Any CPU
		Release|Any CPU = Release|Any CPU
	EndGlobalSection
	GlobalSection(ProjectConfigurationPlatforms) = postSolution
		{09654D62-8A52-46BE-91D9-344DBA6D2369}.Debug|Any CPU.ActiveCfg = Debug|Any CPU
		{09654D62-8A52-46BE-91D9-344DBA6D2369}.Debug|Any CPU.Build.0 = Debug|Any CPU
		{09654D62-8A52-46BE-91D9-344DBA6D2369}.Release|Any CPU.ActiveCfg = Release|Any CPU
		{09654D62-8A52-46BE-91D9-344DBA6D2369}.Release|Any CPU.Build.0 = Release|Any CPU
		{B2A0CE09-5063-4C5C-9C69-88C89867A56A}.Debug|Any CPU.ActiveCfg = Debug|Any CPU
		{B2A0CE09-5063-4C5C-9C69-88C89867A56A}.Debug|Any CPU.Build.0 = Debug|Any CPU
		{B2A0CE09-5063-4C5C-9C69-88C89867A56A}.Release|Any CPU.ActiveCfg = Release|Any CPU
		{B2A0CE09-5063-4C5C-9C69-88C89867A56A}.Release|Any CPU.Build.0 = Release|Any CPU
		{83FED346-FC09-424A-9AE1-18C5A4B53ABF}.Debug|Any CPU.ActiveCfg = Debug|Any CPU
		{83FED346-FC09-424A-9AE1-18C5A4B53ABF}.Debug|Any CPU.Build.0 = Debug|Any CPU
		{83FED346-FC09-424A-9AE1-18C5A4B53ABF}.Release|Any CPU.ActiveCfg = Release|Any CPU
		{83FED346-FC09-424A-9AE1-18C5A4B53ABF}.Release|Any CPU.Build.0 = Release|Any CPU
		{E8BD61A7-3FDB-449A-8DAA-41462B0D441A}.Debug|Any CPU.ActiveCfg = Debug|Any CPU
		{E8BD61A7-3FDB-449A-8DAA-41462B0D441A}.Debug|Any CPU.Build.0 = Debug|Any CPU
		{E8BD61A7-3FDB-449A-8DAA-41462B0D441A}.Release|Any CPU.ActiveCfg = Release|Any CPU
		{E8BD61A7-3FDB-449A-8DAA-41462B0D441A}.Release|Any CPU.Build.0 = Release|Any CPU
		{80DC0044-A9E6-4168-B022-E4A10B76B31D}.Debug|Any CPU.ActiveCfg = Debug|Any CPU
		{80DC0044-A9E6-4168-B022-E4A10B76B31D}.Debug|Any CPU.Build.0 = Debug|Any CPU
		{80DC0044-A9E6-4168-B022-E4A10B76B31D}.Release|Any CPU.ActiveCfg = Release|Any CPU
		{80DC0044-A9E6-4168-B022-E4A10B76B31D}.Release|Any CPU.Build.0 = Release|Any CPU
		{3A864083-FB9B-49E6-BF4B-7B1A03308148}.Debug|Any CPU.ActiveCfg = Debug|Any CPU
		{3A864083-FB9B-49E6-BF4B-7B1A03308148}.Debug|Any CPU.Build.0 = Debug|Any CPU
		{3A864083-FB9B-49E6-BF4B-7B1A03308148}.Release|Any CPU.ActiveCfg = Release|Any CPU
		{3A864083-FB9B-49E6-BF4B-7B1A03308148}.Release|Any CPU.Build.0 = Release|Any CPU
	EndGlobalSection
	GlobalSection(SolutionProperties) = preSolution
		HideSolutionNode = FALSE
	EndGlobalSection
	GlobalSection(NestedProjects) = preSolution
		{09654D62-8A52-46BE-91D9-344DBA6D2369} = {644E912A-A3A1-4166-AF93-8309E59F228C}
		{B2A0CE09-5063-4C5C-9C69-88C89867A56A} = {644E912A-A3A1-4166-AF93-8309E59F228C}
		{E8BD61A7-3FDB-449A-8DAA-41462B0D441A} = {644E912A-A3A1-4166-AF93-8309E59F228C}
		{80DC0044-A9E6-4168-B022-E4A10B76B31D} = {644E912A-A3A1-4166-AF93-8309E59F228C}
		{3A864083-FB9B-49E6-BF4B-7B1A03308148} = {644E912A-A3A1-4166-AF93-8309E59F228C}
	EndGlobalSection
	GlobalSection(ExtensibilityGlobals) = postSolution
		SolutionGuid = {D6E38847-6415-494B-A91C-E085A0B6DA54}
	EndGlobalSection
EndGlobal
